
Microsoft Visual Studio Solution File, Format Version 12.00
# Visual Studio 15
Project("{FAE04EC0-301F-11D3-BF4B-00C04F79EFBC}") = "Assembly-CSharp", "Assembly-CSharp.csproj", "{78E99D30-B84E-E573-4BD1-3B22699E5A3D}"
EndProject
Project("{FAE04EC0-301F-11D3-BF4B-00C04F79EFBC}") = "Assembly-CSharp-Editor", "Assembly-CSharp-Editor.csproj", "{D89E0081-B0B0-8D95-CA15-62AD39D0EC98}"
EndProject
Global
	GlobalSection(SolutionConfigurationPlatforms) = preSolution
		Debug|Any CPU = Debug|Any CPU
		Release|Any CPU = Release|Any CPU
	EndGlobalSection
	GlobalSection(ProjectConfigurationPlatforms) = postSolution
		{78E99D30-B84E-E573-4BD1-3B22699E5A3D}.Debug|Any CPU.ActiveCfg = Debug|Any CPU
		{78E99D30-B84E-E573-4BD1-3B22699E5A3D}.Debug|Any CPU.Build.0 = Debug|Any CPU
		{78E99D30-B84E-E573-4BD1-3B22699E5A3D}.Release|Any CPU.ActiveCfg = Release|Any CPU
		{78E99D30-B84E-E573-4BD1-3B22699E5A3D}.Release|Any CPU.Build.0 = Release|Any CPU
		{D89E0081-B0B0-8D95-CA15-62AD39D0EC98}.Debug|Any CPU.ActiveCfg = Debug|Any CPU
		{D89E0081-B0B0-8D95-CA15-62AD39D0EC98}.Debug|Any CPU.Build.0 = Debug|Any CPU
		{D89E0081-B0B0-8D95-CA15-62AD39D0EC98}.Release|Any CPU.ActiveCfg = Release|Any CPU
		{D89E0081-B0B0-8D95-CA15-62AD39D0EC98}.Release|Any CPU.Build.0 = Release|Any CPU
	EndGlobalSection
	GlobalSection(SolutionProperties) = preSolution
		HideSolutionNode = FALSE
	EndGlobalSection
EndGlobal
